{
    "dbu/snake-bundle": {
        "version": "1.0.0"
    },
    "easycorp/easyadmin-bundle": {
        "version": "3.0",
        "recipe": {
            "repo": "github.com/symfony/recipes",
            "branch": "master",
            "version": "3.0",
            "ref": "b131e6cbfe1b898a508987851963fff485986285"
        }
    },
    "fabpot/goutte": {
        "version": "v4.0.1"
    },
    "guzzlehttp/psr7": {
        "version": "1.7.0"
    },
    "imagine/imagine": {
        "version": "1.2.4"
    },
    "intervention/image": {
        "version": "2.5.1"
    },
    "jms/metadata": {
        "version": "2.3.0"
    },
    "jms/serializer": {
        "version": "3.10.0"
    },
    "league/flysystem": {
        "version": "1.1.3"
    },
    "league/glide": {
        "version": "1.7.0"
    },
    "league/mime-type-detection": {
        "version": "1.5.1"
    },
    "liip/imagine-bundle": {
        "version": "1.8",
        "recipe": {
            "repo": "github.com/symfony/recipes-contrib",
            "branch": "master",
            "version": "1.8",
            "ref": "5a5bdc2d0e2533ed6935d5ae562f2b318a8fc1ee"
        },
        "files": [
            "./config/packages/liip_imagine.yaml",
            "./config/routes/liip_imagine.yaml"
        ]
    },
    "nesbot/carbon": {
        "version": "2.41.5"
    },
    "php": {
        "version": "7.4"
    },
    "ralouphie/getallheaders": {
        "version": "3.0.3"
    },
    "symfony/polyfill-uuid": {
        "version": "v1.20.0"
    },
    "symfony/serializer-pack": {
        "version": "v1.0.4"
    },
    "symfony/templating": {
        "version": "v5.1.8"
    },
    "symfony/thanks": {
        "version": "v1.2.10"
    },
    "symfony/uid": {
        "version": "v5.1.8"
    }
}
